
Microsoft Visual Studio Solution File, Format Version 12.00
# Visual Studio Version 17
VisualStudioVersion = 17.0.31903.59
MinimumVisualStudioVersion = 10.0.40219.1
Project("{9A19103F-16F7-4668-BE54-9A1E7A4F7556}") = "CppEditorPlugin", "CppEditorPlugin\CppEditorPlugin.csproj", "{A3C3AAAB-09F1-4C07-B23F-840E5FEF8775}"
EndProject
Project("{9A19103F-16F7-4668-BE54-9A1E7A4F7556}") = "CppEditorPluginWithLuogu", "CppEditorPluginWithLuogu\CppEditorPluginWithLuogu.csproj", "{645A0057-5A66-49A2-8AAE-4A1C580CD5EB}"
EndProject
Project("{FAE04EC0-301F-11D3-BF4B-00C04F79EFBC}") = "SubmitCodeToLuogu", "SubmitCodeToLuogu\SubmitCodeToLuogu.csproj", "{A1AF4CEA-F693-4E92-BED0-E949E5A05FA5}"
EndProject
Global
	GlobalSection(SolutionConfigurationPlatforms) = preSolution
		Debug|Any CPU = Debug|Any CPU
		Release|Any CPU = Release|Any CPU
	EndGlobalSection
	GlobalSection(ProjectConfigurationPlatforms) = postSolution
		{A3C3AAAB-09F1-4C07-B23F-840E5FEF8775}.Debug|Any CPU.ActiveCfg = Debug|Any CPU
		{A3C3AAAB-09F1-4C07-B23F-840E5FEF8775}.Debug|Any CPU.Build.0 = Debug|Any CPU
		{A3C3AAAB-09F1-4C07-B23F-840E5FEF8775}.Release|Any CPU.ActiveCfg = Release|Any CPU
		{A3C3AAAB-09F1-4C07-B23F-840E5FEF8775}.Release|Any CPU.Build.0 = Release|Any CPU
		{645A0057-5A66-49A2-8AAE-4A1C580CD5EB}.Debug|Any CPU.ActiveCfg = Debug|Any CPU
		{645A0057-5A66-49A2-8AAE-4A1C580CD5EB}.Debug|Any CPU.Build.0 = Debug|Any CPU
		{645A0057-5A66-49A2-8AAE-4A1C580CD5EB}.Release|Any CPU.ActiveCfg = Release|Any CPU
		{645A0057-5A66-49A2-8AAE-4A1C580CD5EB}.Release|Any CPU.Build.0 = Release|Any CPU
		{A1AF4CEA-F693-4E92-BED0-E949E5A05FA5}.Debug|Any CPU.ActiveCfg = Debug|Any CPU
		{A1AF4CEA-F693-4E92-BED0-E949E5A05FA5}.Debug|Any CPU.Build.0 = Debug|Any CPU
		{A1AF4CEA-F693-4E92-BED0-E949E5A05FA5}.Release|Any CPU.ActiveCfg = Release|Any CPU
		{A1AF4CEA-F693-4E92-BED0-E949E5A05FA5}.Release|Any CPU.Build.0 = Release|Any CPU
	EndGlobalSection
	GlobalSection(SolutionProperties) = preSolution
		HideSolutionNode = FALSE
	EndGlobalSection
	GlobalSection(ExtensibilityGlobals) = postSolution
		SolutionGuid = {A8093FD8-B6B0-4374-B7C7-3A92E8312AC7}
	EndGlobalSection
EndGlobal
